
Microsoft Visual Studio Solution File, Format Version 12.00
# Visual Studio Version 16
VisualStudioVersion = 16.0.29613.14
MinimumVisualStudioVersion = 10.0.40219.1
Project("{9A19103F-16F7-4668-BE54-9A1E7A4F7556}") = "Sol_Routing", "Sol_Routing\Sol_Routing.csproj", "{5A26CE38-E43E-4553-8094-2B7F5E01F511}"
EndProject
Global
	GlobalSection(SolutionConfigurationPlatforms) = preSolution
		Debug|Any CPU = Debug|Any CPU
		Release|Any CPU = Release|Any CPU
	EndGlobalSection
	GlobalSection(ProjectConfigurationPlatforms) = postSolution
		{5A26CE38-E43E-4553-8094-2B7F5E01F511}.Debug|Any CPU.ActiveCfg = Debug|Any CPU
		{5A26CE38-E43E-4553-8094-2B7F5E01F511}.Debug|Any CPU.Build.0 = Debug|Any CPU
		{5A26CE38-E43E-4553-8094-2B7F5E01F511}.Release|Any CPU.ActiveCfg = Release|Any CPU
		{5A26CE38-E43E-4553-8094-2B7F5E01F511}.Release|Any CPU.Build.0 = Release|Any CPU
	EndGlobalSection
	GlobalSection(SolutionProperties) = preSolution
		HideSolutionNode = FALSE
	EndGlobalSection
	GlobalSection(ExtensibilityGlobals) = postSolution
		SolutionGuid = {19DAEA11-98D3-4485-8C95-0359612AC8BF}
	EndGlobalSection
EndGlobal
